// !$*UTF8*$!
{
	archiveVersion = 1;
	classes = {
	};
	objectVersion = 48;
	objects = {

/* Begin PBXBuildFile section */
		D3A04DE520228800006B3A56 /* AppDelegate.swift in Sources */ = {isa = PBXBuildFile; fileRef = D3A04DE420228800006B3A56 /* AppDelegate.swift */; };
		D3A04DE720228800006B3A56 /* Assets.xcassets in Resources */ = {isa = PBXBuildFile; fileRef = D3A04DE620228800006B3A56 /* Assets.xcassets */; };
		D3A04DEA20228800006B3A56 /* MainMenu.xib in Resources */ = {isa = PBXBuildFile; fileRef = D3A04DE820228800006B3A56 /* MainMenu.xib */; };
		D3A04DF420228859006B3A56 /* libPCH_FLD12_Library.a in Frameworks */ = {isa = PBXBuildFile; fileRef = D3A04DF320228859006B3A56 /* libPCH_FLD12_Library.a */; };
		D3A04DF92022892A006B3A56 /* GlobalDefs.swift in Sources */ = {isa = PBXBuildFile; fileRef = D3A04DF82022892A006B3A56 /* GlobalDefs.swift */; };
		D3A04DFB2022893D006B3A56 /* PCH_Defs.swift in Sources */ = {isa = PBXBuildFile; fileRef = D3A04DFA2022893D006B3A56 /* PCH_Defs.swift */; };
		D3A04DFD202289AB006B3A56 /* AppController.swift in Sources */ = {isa = PBXBuildFile; fileRef = D3A04DFC202289AB006B3A56 /* AppController.swift */; };
		D3A04DFF2023AFE0006B3A56 /* ForceView.swift in Sources */ = {isa = PBXBuildFile; fileRef = D3A04DFE2023AFE0006B3A56 /* ForceView.swift */; };
		D3E5280620238A8600DF080E /* MainViewController.swift in Sources */ = {isa = PBXBuildFile; fileRef = D3E5280420238A8600DF080E /* MainViewController.swift */; };
		D3E5280720238A8600DF080E /* MainViewController.xib in Resources */ = {isa = PBXBuildFile; fileRef = D3E5280520238A8600DF080E /* MainViewController.xib */; };
		D3E5280A2023929000DF080E /* RadialForceController.swift in Sources */ = {isa = PBXBuildFile; fileRef = D3E528082023929000DF080E /* RadialForceController.swift */; };
		D3E5280B2023929000DF080E /* RadialForceController.xib in Resources */ = {isa = PBXBuildFile; fileRef = D3E528092023929000DF080E /* RadialForceController.xib */; };
		D3E5280E2023A11700DF080E /* LayerViewController.swift in Sources */ = {isa = PBXBuildFile; fileRef = D3E5280C2023A11700DF080E /* LayerViewController.swift */; };
		D3E5280F2023A11700DF080E /* LayerViewController.xib in Resources */ = {isa = PBXBuildFile; fileRef = D3E5280D2023A11700DF080E /* LayerViewController.xib */; };
/* End PBXBuildFile section */

/* Begin PBXFileReference section */
		D3A04DE120228800006B3A56 /* PCH_ShortCircuitAnalyzer.app */ = {isa = PBXFileReference; explicitFileType = wrapper.application; includeInIndex = 0; path = PCH_ShortCircuitAnalyzer.app; sourceTree = BUILT_PRODUCTS_DIR; };
		D3A04DE420228800006B3A56 /* AppDelegate.swift */ = {isa = PBXFileReference; lastKnownFileType = sourcecode.swift; path = AppDelegate.swift; sourceTree = "<group>"; };
		D3A04DE620228800006B3A56 /* Assets.xcassets */ = {isa = PBXFileReference; lastKnownFileType = folder.assetcatalog; path = Assets.xcassets; sourceTree = "<group>"; };
		D3A04DE920228800006B3A56 /* Base */ = {isa = PBXFileReference; lastKnownFileType = file.xib; name = Base; path = Base.lproj/MainMenu.xib; sourceTree = "<group>"; };
		D3A04DEB20228800006B3A56 /* Info.plist */ = {isa = PBXFileReference; lastKnownFileType = text.plist.xml; path = Info.plist; sourceTree = "<group>"; };
		D3A04DEC20228800006B3A56 /* PCH_ShortCircuitAnalyzer.entitlements */ = {isa = PBXFileReference; lastKnownFileType = text.plist.entitlements; path = PCH_ShortCircuitAnalyzer.entitlements; sourceTree = "<group>"; };
		D3A04DF320228859006B3A56 /* libPCH_FLD12_Library.a */ = {isa = PBXFileReference; lastKnownFileType = archive.ar; name = libPCH_FLD12_Library.a; path = ../PCH_FLD12_Library_Release/Products/usr/local/lib/libPCH_FLD12_Library.a; sourceTree = "<group>"; };
		D3A04DF5202288EF006B3A56 /* PCH_ShortCircuitAnalyzer-Bridging-Header.h */ = {isa = PBXFileReference; lastKnownFileType = sourcecode.c.h; path = "PCH_ShortCircuitAnalyzer-Bridging-Header.h"; sourceTree = "<group>"; };
		D3A04DF82022892A006B3A56 /* GlobalDefs.swift */ = {isa = PBXFileReference; fileEncoding = 4; lastKnownFileType = sourcecode.swift; name = GlobalDefs.swift; path = ../../../../Dropbox/MyProjects/GlobalDefs.swift; sourceTree = "<group>"; };
		D3A04DFA2022893D006B3A56 /* PCH_Defs.swift */ = {isa = PBXFileReference; fileEncoding = 4; lastKnownFileType = sourcecode.swift; name = PCH_Defs.swift; path = ../../../../Dropbox/MyProjects/PCH_Defs.swift; sourceTree = "<group>"; };
		D3A04DFC202289AB006B3A56 /* AppController.swift */ = {isa = PBXFileReference; lastKnownFileType = sourcecode.swift; path = AppController.swift; sourceTree = "<group>"; };
		D3A04DFE2023AFE0006B3A56 /* ForceView.swift */ = {isa = PBXFileReference; lastKnownFileType = sourcecode.swift; path = ForceView.swift; sourceTree = "<group>"; };
		D3E5280420238A8600DF080E /* MainViewController.swift */ = {isa = PBXFileReference; lastKnownFileType = sourcecode.swift; path = MainViewController.swift; sourceTree = "<group>"; };
		D3E5280520238A8600DF080E /* MainViewController.xib */ = {isa = PBXFileReference; lastKnownFileType = file.xib; path = MainViewController.xib; sourceTree = "<group>"; };
		D3E528082023929000DF080E /* RadialForceController.swift */ = {isa = PBXFileReference; lastKnownFileType = sourcecode.swift; path = RadialForceController.swift; sourceTree = "<group>"; };
		D3E528092023929000DF080E /* RadialForceController.xib */ = {isa = PBXFileReference; lastKnownFileType = file.xib; path = RadialForceController.xib; sourceTree = "<group>"; };
		D3E5280C2023A11700DF080E /* LayerViewController.swift */ = {isa = PBXFileReference; lastKnownFileType = sourcecode.swift; path = LayerViewController.swift; sourceTree = "<group>"; };
		D3E5280D2023A11700DF080E /* LayerViewController.xib */ = {isa = PBXFileReference; lastKnownFileType = file.xib; path = LayerViewController.xib; sourceTree = "<group>"; };
/* End PBXFileReference section */

/* Begin PBXFrameworksBuildPhase section */
		D3A04DDE20228800006B3A56 /* Frameworks */ = {
			isa = PBXFrameworksBuildPhase;
			buildActionMask = 2147483647;
			files = (
				D3A04DF420228859006B3A56 /* libPCH_FLD12_Library.a in Frameworks */,
			);
			runOnlyForDeploymentPostprocessing = 0;
		};
/* End PBXFrameworksBuildPhase section */

/* Begin PBXGroup section */
		D3A04DD820228800006B3A56 = {
			isa = PBXGroup;
			children = (
				D3A04DE320228800006B3A56 /* PCH_ShortCircuitAnalyzer */,
				D3A04DE220228800006B3A56 /* Products */,
				D3A04DF220228858006B3A56 /* Frameworks */,
			);
			sourceTree = "<group>";
		};
		D3A04DE220228800006B3A56 /* Products */ = {
			isa = PBXGroup;
			children = (
				D3A04DE120228800006B3A56 /* PCH_ShortCircuitAnalyzer.app */,
			);
			name = Products;
			sourceTree = "<group>";
		};
		D3A04DE320228800006B3A56 /* PCH_ShortCircuitAnalyzer */ = {
			isa = PBXGroup;
			children = (
				D3A04DE420228800006B3A56 /* AppDelegate.swift */,
				D3A04DFC202289AB006B3A56 /* AppController.swift */,
				D3E5280420238A8600DF080E /* MainViewController.swift */,
				D3E5280520238A8600DF080E /* MainViewController.xib */,
				D3E5280C2023A11700DF080E /* LayerViewController.swift */,
				D3E5280D2023A11700DF080E /* LayerViewController.xib */,
				D3A04DFE2023AFE0006B3A56 /* ForceView.swift */,
				D3E528082023929000DF080E /* RadialForceController.swift */,
				D3E528092023929000DF080E /* RadialForceController.xib */,
				D3A04DFA2022893D006B3A56 /* PCH_Defs.swift */,
				D3A04DF82022892A006B3A56 /* GlobalDefs.swift */,
				D3A04DE620228800006B3A56 /* Assets.xcassets */,
				D3A04DE820228800006B3A56 /* MainMenu.xib */,
				D3A04DEB20228800006B3A56 /* Info.plist */,
				D3A04DEC20228800006B3A56 /* PCH_ShortCircuitAnalyzer.entitlements */,
				D3A04DF5202288EF006B3A56 /* PCH_ShortCircuitAnalyzer-Bridging-Header.h */,
			);
			path = PCH_ShortCircuitAnalyzer;
			sourceTree = "<group>";
		};
		D3A04DF220228858006B3A56 /* Frameworks */ = {
			isa = PBXGroup;
			children = (
				D3A04DF320228859006B3A56 /* libPCH_FLD12_Library.a */,
			);
			name = Frameworks;
			sourceTree = "<group>";
		};
/* End PBXGroup section */

/* Begin PBXNativeTarget section */
		D3A04DE020228800006B3A56 /* PCH_ShortCircuitAnalyzer */ = {
			isa = PBXNativeTarget;
			buildConfigurationList = D3A04DEF20228800006B3A56 /* Build configuration list for PBXNativeTarget "PCH_ShortCircuitAnalyzer" */;
			buildPhases = (
				D3A04DDD20228800006B3A56 /* Sources */,
				D3A04DDE20228800006B3A56 /* Frameworks */,
				D3A04DDF20228800006B3A56 /* Resources */,
			);
			buildRules = (
			);
			dependencies = (
			);
			name = PCH_ShortCircuitAnalyzer;
			productName = PCH_ShortCircuitAnalyzer;
			productReference = D3A04DE120228800006B3A56 /* PCH_ShortCircuitAnalyzer.app */;
			productType = "com.apple.product-type.application";
		};
/* End PBXNativeTarget section */

/* Begin PBXProject section */
		D3A04DD920228800006B3A56 /* Project object */ = {
			isa = PBXProject;
			attributes = {
				LastSwiftUpdateCheck = 0920;
				LastUpgradeCheck = 0920;
				ORGANIZATIONNAME = "Huberis Technologies";
				TargetAttributes = {
					D3A04DE020228800006B3A56 = {
						CreatedOnToolsVersion = 9.2;
						LastSwiftMigration = 0920;
						ProvisioningStyle = Automatic;
					};
				};
			};
			buildConfigurationList = D3A04DDC20228800006B3A56 /* Build configuration list for PBXProject "PCH_ShortCircuitAnalyzer" */;
			compatibilityVersion = "Xcode 8.0";
			developmentRegion = en;
			hasScannedForEncodings = 0;
			knownRegions = (
				en,
				Base,
			);
			mainGroup = D3A04DD820228800006B3A56;
			productRefGroup = D3A04DE220228800006B3A56 /* Products */;
			projectDirPath = "";
			projectRoot = "";
			targets = (
				D3A04DE020228800006B3A56 /* PCH_ShortCircuitAnalyzer */,
			);
		};
/* End PBXProject section */

/* Begin PBXResourcesBuildPhase section */
		D3A04DDF20228800006B3A56 /* Resources */ = {
			isa = PBXResourcesBuildPhase;
			buildActionMask = 2147483647;
			files = (
				D3A04DE720228800006B3A56 /* Assets.xcassets in Resources */,
				D3E5280F2023A11700DF080E /* LayerViewController.xib in Resources */,
				D3E5280720238A8600DF080E /* MainViewController.xib in Resources */,
				D3E5280B2023929000DF080E /* RadialForceController.xib in Resources */,
				D3A04DEA20228800006B3A56 /* MainMenu.xib in Resources */,
			);
			runOnlyForDeploymentPostprocessing = 0;
		};
/* End PBXResourcesBuildPhase section */

/* Begin PBXSourcesBuildPhase section */
		D3A04DDD20228800006B3A56 /* Sources */ = {
			isa = PBXSourcesBuildPhase;
			buildActionMask = 2147483647;
			files = (
				D3E5280A2023929000DF080E /* RadialForceController.swift in Sources */,
				D3E5280E2023A11700DF080E /* LayerViewController.swift in Sources */,
				D3A04DFB2022893D006B3A56 /* PCH_Defs.swift in Sources */,
				D3A04DF92022892A006B3A56 /* GlobalDefs.swift in Sources */,
				D3A04DFF2023AFE0006B3A56 /* ForceView.swift in Sources */,
				D3A04DE520228800006B3A56 /* AppDelegate.swift in Sources */,
				D3A04DFD202289AB006B3A56 /* AppController.swift in Sources */,
				D3E5280620238A8600DF080E /* MainViewController.swift in Sources */,
			);
			runOnlyForDeploymentPostprocessing = 0;
		};
/* End PBXSourcesBuildPhase section */

/* Begin PBXVariantGroup section */
		D3A04DE820228800006B3A56 /* MainMenu.xib */ = {
			isa = PBXVariantGroup;
			children = (
				D3A04DE920228800006B3A56 /* Base */,
			);
			name = MainMenu.xib;
			sourceTree = "<group>";
		};
/* End PBXVariantGroup section */

/* Begin XCBuildConfiguration section */
		D3A04DED20228800006B3A56 /* Debug */ = {
			isa = XCBuildConfiguration;
			buildSettings = {
				ALWAYS_SEARCH_USER_PATHS = NO;
				CLANG_ANALYZER_NONNULL = YES;
				CLANG_ANALYZER_NUMBER_OBJECT_CONVERSION = YES_AGGRESSIVE;
				CLANG_CXX_LANGUAGE_STANDARD = "gnu++14";
				CLANG_CXX_LIBRARY = "libc++";
				CLANG_ENABLE_MODULES = YES;
				CLANG_ENABLE_OBJC_ARC = YES;
				CLANG_WARN_BLOCK_CAPTURE_AUTORELEASING = YES;
				CLANG_WARN_BOOL_CONVERSION = YES;
				CLANG_WARN_COMMA = YES;
				CLANG_WARN_CONSTANT_CONVERSION = YES;
				CLANG_WARN_DIRECT_OBJC_ISA_USAGE = YES_ERROR;
				CLANG_WARN_DOCUMENTATION_COMMENTS = YES;
				CLANG_WARN_EMPTY_BODY = YES;
				CLANG_WARN_ENUM_CONVERSION = YES;
				CLANG_WARN_INFINITE_RECURSION = YES;
				CLANG_WARN_INT_CONVERSION = YES;
				CLANG_WARN_NON_LITERAL_NULL_CONVERSION = YES;
				CLANG_WARN_OBJC_LITERAL_CONVERSION = YES;
				CLANG_WARN_OBJC_ROOT_CLASS = YES_ERROR;
				CLANG_WARN_RANGE_LOOP_ANALYSIS = YES;
				CLANG_WARN_STRICT_PROTOTYPES = YES;
				CLANG_WARN_SUSPICIOUS_MOVE = YES;
				CLANG_WARN_UNGUARDED_AVAILABILITY = YES_AGGRESSIVE;
				CLANG_WARN_UNREACHABLE_CODE = YES;
				CLANG_WARN__DUPLICATE_METHOD_MATCH = YES;
				CODE_SIGN_IDENTITY = "-";
				COPY_PHASE_STRIP = NO;
				DEBUG_INFORMATION_FORMAT = dwarf;
				ENABLE_STRICT_OBJC_MSGSEND = YES;
				ENABLE_TESTABILITY = YES;
				GCC_C_LANGUAGE_STANDARD = gnu11;
				GCC_DYNAMIC_NO_PIC = NO;
				GCC_NO_COMMON_BLOCKS = YES;
				GCC_OPTIMIZATION_LEVEL = 0;
				GCC_PREPROCESSOR_DEFINITIONS = (
					"DEBUG=1",
					"$(inherited)",
				);
				GCC_WARN_64_TO_32_BIT_CONVERSION = YES;
				GCC_WARN_ABOUT_RETURN_TYPE = YES_ERROR;
				GCC_WARN_UNDECLARED_SELECTOR = YES;
				GCC_WARN_UNINITIALIZED_AUTOS = YES_AGGRESSIVE;
				GCC_WARN_UNUSED_FUNCTION = YES;
				GCC_WARN_UNUSED_VARIABLE = YES;
				MACOSX_DEPLOYMENT_TARGET = 10.13;
				MTL_ENABLE_DEBUG_INFO = YES;
				ONLY_ACTIVE_ARCH = YES;
				SDKROOT = macosx;
				SWIFT_ACTIVE_COMPILATION_CONDITIONS = DEBUG;
				SWIFT_OPTIMIZATION_LEVEL = "-Onone";
			};
			name = Debug;
		};
		D3A04DEE20228800006B3A56 /* Release */ = {
			isa = XCBuildConfiguration;
			buildSettings = {
				ALWAYS_SEARCH_USER_PATHS = NO;
				CLANG_ANALYZER_NONNULL = YES;
				CLANG_ANALYZER_NUMBER_OBJECT_CONVERSION = YES_AGGRESSIVE;
				CLANG_CXX_LANGUAGE_STANDARD = "gnu++14";
				CLANG_CXX_LIBRARY = "libc++";
				CLANG_ENABLE_MODULES = YES;
				CLANG_ENABLE_OBJC_ARC = YES;
				CLANG_WARN_BLOCK_CAPTURE_AUTORELEASING = YES;
				CLANG_WARN_BOOL_CONVERSION = YES;
				CLANG_WARN_COMMA = YES;
				CLANG_WARN_CONSTANT_CONVERSION = YES;
				CLANG_WARN_DIRECT_OBJC_ISA_USAGE = YES_ERROR;
				CLANG_WARN_DOCUMENTATION_COMMENTS = YES;
				CLANG_WARN_EMPTY_BODY = YES;
				CLANG_WARN_ENUM_CONVERSION = YES;
				CLANG_WARN_INFINITE_RECURSION = YES;
				CLANG_WARN_INT_CONVERSION = YES;
				CLANG_WARN_NON_LITERAL_NULL_CONVERSION = YES;
				CLANG_WARN_OBJC_LITERAL_CONVERSION = YES;
				CLANG_WARN_OBJC_ROOT_CLASS = YES_ERROR;
				CLANG_WARN_RANGE_LOOP_ANALYSIS = YES;
				CLANG_WARN_STRICT_PROTOTYPES = YES;
				CLANG_WARN_SUSPICIOUS_MOVE = YES;
				CLANG_WARN_UNGUARDED_AVAILABILITY = YES_AGGRESSIVE;
				CLANG_WARN_UNREACHABLE_CODE = YES;
				CLANG_WARN__DUPLICATE_METHOD_MATCH = YES;
				CODE_SIGN_IDENTITY = "-";
				COPY_PHASE_STRIP = NO;
				DEBUG_INFORMATION_FORMAT = "dwarf-with-dsym";
				ENABLE_NS_ASSERTIONS = NO;
				ENABLE_STRICT_OBJC_MSGSEND = YES;
				GCC_C_LANGUAGE_STANDARD = gnu11;
				GCC_NO_COMMON_BLOCKS = YES;
				GCC_WARN_64_TO_32_BIT_CONVERSION = YES;
				GCC_WARN_ABOUT_RETURN_TYPE = YES_ERROR;
				GCC_WARN_UNDECLARED_SELECTOR = YES;
				GCC_WARN_UNINITIALIZED_AUTOS = YES_AGGRESSIVE;
				GCC_WARN_UNUSED_FUNCTION = YES;
				GCC_WARN_UNUSED_VARIABLE = YES;
				MACOSX_DEPLOYMENT_TARGET = 10.13;
				MTL_ENABLE_DEBUG_INFO = NO;
				SDKROOT = macosx;
				SWIFT_OPTIMIZATION_LEVEL = "-Owholemodule";
			};
			name = Release;
		};
		D3A04DF020228800006B3A56 /* Debug */ = {
			isa = XCBuildConfiguration;
			buildSettings = {
				ASSETCATALOG_COMPILER_APPICON_NAME = AppIcon;
				CLANG_ENABLE_MODULES = YES;
				CODE_SIGN_ENTITLEMENTS = PCH_ShortCircuitAnalyzer/PCH_ShortCircuitAnalyzer.entitlements;
				CODE_SIGN_STYLE = Automatic;
				COMBINE_HIDPI_IMAGES = YES;
				HEADER_SEARCH_PATHS = /Users/peterhub/Documents/MyProjects/PCH_FLD12_Library_Release/Products/usr/local/include;
				INFOPLIST_FILE = PCH_ShortCircuitAnalyzer/Info.plist;
				LD_RUNPATH_SEARCH_PATHS = "$(inherited) @executable_path/../Frameworks";
				LIBRARY_SEARCH_PATHS = /Users/peterhub/Documents/MyProjects/PCH_FLD12_Library_Release/Products/usr/local/lib;
				PRODUCT_BUNDLE_IDENTIFIER = "com.huberis-tech.PCH-ShortCircuitAnalyzer";
				PRODUCT_NAME = "$(TARGET_NAME)";
				SWIFT_OBJC_BRIDGING_HEADER = "PCH_ShortCircuitAnalyzer/PCH_ShortCircuitAnalyzer-Bridging-Header.h";
				SWIFT_OPTIMIZATION_LEVEL = "-Onone";
				SWIFT_VERSION = 4.0;
			};
			name = Debug;
		};
		D3A04DF120228800006B3A56 /* Release */ = {
			isa = XCBuildConfiguration;
			buildSettings = {
				ASSETCATALOG_COMPILER_APPICON_NAME = AppIcon;
				CLANG_ENABLE_MODULES = YES;
				CODE_SIGN_ENTITLEMENTS = PCH_ShortCircuitAnalyzer/PCH_ShortCircuitAnalyzer.entitlements;
				CODE_SIGN_STYLE = Automatic;
				COMBINE_HIDPI_IMAGES = YES;
				HEADER_SEARCH_PATHS = /Users/peterhub/Documents/MyProjects/PCH_FLD12_Library_Release/Products/usr/local/include;
				INFOPLIST_FILE = PCH_ShortCircuitAnalyzer/Info.plist;
				LD_RUNPATH_SEARCH_PATHS = "$(inherited) @executable_path/../Frameworks";
				LIBRARY_SEARCH_PATHS = /Users/peterhub/Documents/MyProjects/PCH_FLD12_Library_Release/Products/usr/local/lib;
				PRODUCT_BUNDLE_IDENTIFIER = "com.huberis-tech.PCH-ShortCircuitAnalyzer";
				PRODUCT_NAME = "$(TARGET_NAME)";
				SWIFT_OBJC_BRIDGING_HEADER = "PCH_ShortCircuitAnalyzer/PCH_ShortCircuitAnalyzer-Bridging-Header.h";
				SWIFT_VERSION = 4.0;
			};
			name = Release;
		};
/* End XCBuildConfiguration section */

/* Begin XCConfigurationList section */
		D3A04DDC20228800006B3A56 /* Build configuration list for PBXProject "PCH_ShortCircuitAnalyzer" */ = {
			isa = XCConfigurationList;
			buildConfigurations = (
				D3A04DED20228800006B3A56 /* Debug */,
				D3A04DEE20228800006B3A56 /* Release */,
			);
			defaultConfigurationIsVisible = 0;
			defaultConfigurationName = Release;
		};
		D3A04DEF20228800006B3A56 /* Build configuration list for PBXNativeTarget "PCH_ShortCircuitAnalyzer" */ = {
			isa = XCConfigurationList;
			buildConfigurations = (
				D3A04DF020228800006B3A56 /* Debug */,
				D3A04DF120228800006B3A56 /* Release */,
			);
			defaultConfigurationIsVisible = 0;
			defaultConfigurationName = Release;
		};
/* End XCConfigurationList section */
	};
	rootObject = D3A04DD920228800006B3A56 /* Project object */;
}
